Microsoft Visual Studio Solution File, Format Version 12.00
# Visual Studio 2012
Project("{FAE04EC0-301F-11D3-BF4B-00C04F79EFBC}") = "EIODE", "EIODE.csproj", "{6FFA79EC-D063-48F8-AA9E-33F1F88C2DFA}"
EndProject
Global
	GlobalSection(SolutionConfigurationPlatforms) = preSolution
	Debug|Any CPU = Debug|Any CPU
	ExportDebug|Any CPU = ExportDebug|Any CPU
	ExportRelease|Any CPU = ExportRelease|Any CPU
	EndGlobalSection
	GlobalSection(ProjectConfigurationPlatforms) = postSolution
		{6FFA79EC-D063-48F8-AA9E-33F1F88C2DFA}.Debug|Any CPU.ActiveCfg = Debug|Any CPU
		{6FFA79EC-D063-48F8-AA9E-33F1F88C2DFA}.Debug|Any CPU.Build.0 = Debug|Any CPU
		{6FFA79EC-D063-48F8-AA9E-33F1F88C2DFA}.ExportDebug|Any CPU.ActiveCfg = ExportDebug|Any CPU
		{6FFA79EC-D063-48F8-AA9E-33F1F88C2DFA}.ExportDebug|Any CPU.Build.0 = ExportDebug|Any CPU
		{6FFA79EC-D063-48F8-AA9E-33F1F88C2DFA}.ExportRelease|Any CPU.ActiveCfg = ExportRelease|Any CPU
		{6FFA79EC-D063-48F8-AA9E-33F1F88C2DFA}.ExportRelease|Any CPU.Build.0 = ExportRelease|Any CPU
	EndGlobalSection
EndGlobal
